{
  "name": "breathing-together-curation-scripts",
  "version": "1.0.0",
  "lockfileVersion": 1,
  "requires": true,
  "dependencies": {
    "@types/node": {
      "version": "12.12.25",
      "resolved": "https://registry.npmjs.org/@types/node/-/node-12.12.25.tgz",
      "integrity": "sha512-nf1LMGZvgFX186geVZR1xMZKKblJiRfiASTHw85zED2kI1yDKHDwTKMdkaCbTlXoRKlGKaDfYywt+V0As30q3w==",
      "dev": true
    },
    "csv-parse": {
      "version": "4.4.6",
      "resolved": "https://registry.npmjs.org/csv-parse/-/csv-parse-4.4.6.tgz",
      "integrity": "sha512-VisC5TBBhOF+70zjrF9FOiqI2LZOhXK/vAWlOrqyqz3lLa+P8jzJ7L/sg90MHmkSY/brAXWwrmGSZR0tM5yi4g=="
    },
    "moment": {
      "version": "2.24.0",
      "resolved": "https://registry.npmjs.org/moment/-/moment-2.24.0.tgz",
      "integrity": "sha512-bV7f+6l2QigeBBZSM/6yTNq4P2fNpSWj/0e7jQcy87A8e7o2nAfP/34/2ky5Vw4B9S446EtIhodAzkFCcR4dQg=="
    },
    "node-fetch": {
      "version": "2.6.0",
      "resolved": "https://registry.npmjs.org/node-fetch/-/node-fetch-2.6.0.tgz",
      "integrity": "sha512-8dG4H5ujfvFiqDmVu9fQ5bOHUC15JMjMY/Zumv26oOvvVJjM67KF8koCWIabKQ1GJIa9r2mMZscBq/TbdOcmNA=="
    },
    "nodemailer": {
      "version": "6.3.0",
      "resolved": "https://registry.npmjs.org/nodemailer/-/nodemailer-6.3.0.tgz",
      "integrity": "sha512-TEHBNBPHv7Ie/0o3HXnb7xrPSSQmH1dXwQKRaMKDBGt/ZN54lvDVujP6hKkO/vjkIYL9rK8kHSG11+G42Nhxuw=="
    }
  }
}
